// !$*UTF8*$!
{
	archiveVersion = 1;
	classes = {
	};
	objectVersion = 51;
	objects = {

/* Begin PBXBuildFile section */
		1E056BA3242B154800CF0258 /* Constants.swift in Sources */ = {isa = PBXBuildFile; fileRef = 1E056BA2242B154800CF0258 /* Constants.swift */; };
		1E404F0D241F039900B45169 /* HoHUITests.swift in Sources */ = {isa = PBXBuildFile; fileRef = 1E404F0C241F039900B45169 /* HoHUITests.swift */; };
		1EC036CD242AFE5B009E753C /* LoginViewController.swift in Sources */ = {isa = PBXBuildFile; fileRef = 1EC036CC242AFE5B009E753C /* LoginViewController.swift */; };
		1EC036CF242AFE83009E753C /* SignUpViewController.swift in Sources */ = {isa = PBXBuildFile; fileRef = 1EC036CE242AFE83009E753C /* SignUpViewController.swift */; };
		1EC036D2242B0006009E753C /* GoogleService-Info.plist in Resources */ = {isa = PBXBuildFile; fileRef = 1EC036D1242B0006009E753C /* GoogleService-Info.plist */; };
		1EC036D5242B076F009E753C /* Utilities.swift in Sources */ = {isa = PBXBuildFile; fileRef = 1EC036D4242B076F009E753C /* Utilities.swift */; };
		1EC4FD83241C8C6400DF3A53 /* DesignableView.swift in Sources */ = {isa = PBXBuildFile; fileRef = 1EC4FD82241C8C6400DF3A53 /* DesignableView.swift */; };
		1EFB8ABD242B76FD004ABBCE /* TestViewController.swift in Sources */ = {isa = PBXBuildFile; fileRef = 1EFB8ABC242B76FD004ABBCE /* TestViewController.swift */; };
		85223C2B20B6EE23B07C27DA /* Pods_HoH.framework in Frameworks */ = {isa = PBXBuildFile; fileRef = F929DB02E939FCCD1AA3F7D6 /* Pods_HoH.framework */; };
		9329269C6A3AC0A4E7DF8E05 /* libPods-HoHUITests.a in Frameworks */ = {isa = PBXBuildFile; fileRef = 06CD0410529D4EE55E3F30B0 /* libPods-HoHUITests.a */; };
		A56EBE08241B27DD002CD118 /* ImagePickerManager.swift in Sources */ = {isa = PBXBuildFile; fileRef = A56EBE07241B27DD002CD118 /* ImagePickerManager.swift */; };
		A56EBE0E241C2786002CD118 /* PostNewArticleController.swift in Sources */ = {isa = PBXBuildFile; fileRef = A56EBE0D241C2786002CD118 /* PostNewArticleController.swift */; };
		A56EBE10241C2CEA002CD118 /* Article.swift in Sources */ = {isa = PBXBuildFile; fileRef = A56EBE0F241C2CEA002CD118 /* Article.swift */; };
		A5CEFE26241B26D300E7F7D1 /* AppDelegate.swift in Sources */ = {isa = PBXBuildFile; fileRef = A5CEFE25241B26D300E7F7D1 /* AppDelegate.swift */; };
		A5CEFE28241B26D300E7F7D1 /* ViewController.swift in Sources */ = {isa = PBXBuildFile; fileRef = A5CEFE27241B26D300E7F7D1 /* ViewController.swift */; };
		A5CEFE2B241B26D300E7F7D1 /* Main.storyboard in Resources */ = {isa = PBXBuildFile; fileRef = A5CEFE29241B26D300E7F7D1 /* Main.storyboard */; };
		A5CEFE2D241B26D400E7F7D1 /* Assets.xcassets in Resources */ = {isa = PBXBuildFile; fileRef = A5CEFE2C241B26D400E7F7D1 /* Assets.xcassets */; };
		A5CEFE30241B26D400E7F7D1 /* LaunchScreen.storyboard in Resources */ = {isa = PBXBuildFile; fileRef = A5CEFE2E241B26D400E7F7D1 /* LaunchScreen.storyboard */; };
/* End PBXBuildFile section */

/* Begin PBXContainerItemProxy section */
		1E404F0F241F039900B45169 /* PBXContainerItemProxy */ = {
			isa = PBXContainerItemProxy;
			containerPortal = A5CEFE1A241B26D300E7F7D1 /* Project object */;
			proxyType = 1;
			remoteGlobalIDString = A5CEFE21241B26D300E7F7D1;
			remoteInfo = HoH;
		};
/* End PBXContainerItemProxy section */

/* Begin PBXFileReference section */
		06CD0410529D4EE55E3F30B0 /* libPods-HoHUITests.a */ = {isa = PBXFileReference; explicitFileType = archive.ar; includeInIndex = 0; path = "libPods-HoHUITests.a"; sourceTree = BUILT_PRODUCTS_DIR; };
		0D228EA461D052288D8B7C3E /* Pods-HoH-HoHUITests.debug.xcconfig */ = {isa = PBXFileReference; includeInIndex = 1; lastKnownFileType = text.xcconfig; name = "Pods-HoH-HoHUITests.debug.xcconfig"; path = "Target Support Files/Pods-HoH-HoHUITests/Pods-HoH-HoHUITests.debug.xcconfig"; sourceTree = "<group>"; };
		1E056BA2242B154800CF0258 /* Constants.swift */ = {isa = PBXFileReference; lastKnownFileType = sourcecode.swift; path = Constants.swift; sourceTree = "<group>"; };
		1E404F0A241F039900B45169 /* HoHUITests.xctest */ = {isa = PBXFileReference; explicitFileType = wrapper.cfbundle; includeInIndex = 0; path = HoHUITests.xctest; sourceTree = BUILT_PRODUCTS_DIR; };
		1E404F0C241F039900B45169 /* HoHUITests.swift */ = {isa = PBXFileReference; lastKnownFileType = sourcecode.swift; path = HoHUITests.swift; sourceTree = "<group>"; };
		1E404F0E241F039900B45169 /* Info.plist */ = {isa = PBXFileReference; lastKnownFileType = text.plist.xml; path = Info.plist; sourceTree = "<group>"; };
		1EC036CC242AFE5B009E753C /* LoginViewController.swift */ = {isa = PBXFileReference; lastKnownFileType = sourcecode.swift; path = LoginViewController.swift; sourceTree = "<group>"; };
		1EC036CE242AFE83009E753C /* SignUpViewController.swift */ = {isa = PBXFileReference; lastKnownFileType = sourcecode.swift; path = SignUpViewController.swift; sourceTree = "<group>"; };
		1EC036D1242B0006009E753C /* GoogleService-Info.plist */ = {isa = PBXFileReference; fileEncoding = 4; lastKnownFileType = text.plist.xml; path = "GoogleService-Info.plist"; sourceTree = "<group>"; };
		1EC036D4242B076F009E753C /* Utilities.swift */ = {isa = PBXFileReference; lastKnownFileType = sourcecode.swift; path = Utilities.swift; sourceTree = "<group>"; };
		1EC4FD82241C8C6400DF3A53 /* DesignableView.swift */ = {isa = PBXFileReference; lastKnownFileType = sourcecode.swift; path = DesignableView.swift; sourceTree = "<group>"; };
		1EFB8ABC242B76FD004ABBCE /* TestViewController.swift */ = {isa = PBXFileReference; lastKnownFileType = sourcecode.swift; path = TestViewController.swift; sourceTree = "<group>"; };
		A56EBE07241B27DD002CD118 /* ImagePickerManager.swift */ = {isa = PBXFileReference; lastKnownFileType = sourcecode.swift; path = ImagePickerManager.swift; sourceTree = "<group>"; };
		A56EBE0D241C2786002CD118 /* PostNewArticleController.swift */ = {isa = PBXFileReference; lastKnownFileType = sourcecode.swift; path = PostNewArticleController.swift; sourceTree = "<group>"; };
		A56EBE0F241C2CEA002CD118 /* Article.swift */ = {isa = PBXFileReference; lastKnownFileType = sourcecode.swift; path = Article.swift; sourceTree = "<group>"; };
		A56EBE11241C99B0002CD118 /* gallery-01.jpg */ = {isa = PBXFileReference; lastKnownFileType = image.jpeg; path = "gallery-01.jpg"; sourceTree = "<group>"; };
		A5CEFE22241B26D300E7F7D1 /* HoH.app */ = {isa = PBXFileReference; explicitFileType = wrapper.application; includeInIndex = 0; path = HoH.app; sourceTree = BUILT_PRODUCTS_DIR; };
		A5CEFE25241B26D300E7F7D1 /* AppDelegate.swift */ = {isa = PBXFileReference; lastKnownFileType = sourcecode.swift; path = AppDelegate.swift; sourceTree = "<group>"; };
		A5CEFE27241B26D300E7F7D1 /* ViewController.swift */ = {isa = PBXFileReference; lastKnownFileType = sourcecode.swift; path = ViewController.swift; sourceTree = "<group>"; };
		A5CEFE2A241B26D300E7F7D1 /* Base */ = {isa = PBXFileReference; lastKnownFileType = file.storyboard; name = Base; path = Base.lproj/Main.storyboard; sourceTree = "<group>"; };
		A5CEFE2C241B26D400E7F7D1 /* Assets.xcassets */ = {isa = PBXFileReference; lastKnownFileType = folder.assetcatalog; path = Assets.xcassets; sourceTree = "<group>"; };
		A5CEFE2F241B26D400E7F7D1 /* Base */ = {isa = PBXFileReference; lastKnownFileType = file.storyboard; name = Base; path = Base.lproj/LaunchScreen.storyboard; sourceTree = "<group>"; };
		A5CEFE31241B26D400E7F7D1 /* Info.plist */ = {isa = PBXFileReference; lastKnownFileType = text.plist.xml; path = Info.plist; sourceTree = "<group>"; };
		BA4EC71063F9B0F367DC17E5 /* Pods-HoH-HoHUITests.release.xcconfig */ = {isa = PBXFileReference; includeInIndex = 1; lastKnownFileType = text.xcconfig; name = "Pods-HoH-HoHUITests.release.xcconfig"; path = "Target Support Files/Pods-HoH-HoHUITests/Pods-HoH-HoHUITests.release.xcconfig"; sourceTree = "<group>"; };
		DF4692CD516ADE7285E13B4D /* Pods-HoHUITests.release.xcconfig */ = {isa = PBXFileReference; includeInIndex = 1; lastKnownFileType = text.xcconfig; name = "Pods-HoHUITests.release.xcconfig"; path = "Target Support Files/Pods-HoHUITests/Pods-HoHUITests.release.xcconfig"; sourceTree = "<group>"; };
		F449FE0F5C347D1F84F5A8F8 /* Pods-HoH.debug.xcconfig */ = {isa = PBXFileReference; includeInIndex = 1; lastKnownFileType = text.xcconfig; name = "Pods-HoH.debug.xcconfig"; path = "Target Support Files/Pods-HoH/Pods-HoH.debug.xcconfig"; sourceTree = "<group>"; };
		F929DB02E939FCCD1AA3F7D6 /* Pods_HoH.framework */ = {isa = PBXFileReference; explicitFileType = wrapper.framework; includeInIndex = 0; path = Pods_HoH.framework; sourceTree = BUILT_PRODUCTS_DIR; };
		FDA7D2C0EC5923800570502A /* Pods-HoHUITests.debug.xcconfig */ = {isa = PBXFileReference; includeInIndex = 1; lastKnownFileType = text.xcconfig; name = "Pods-HoHUITests.debug.xcconfig"; path = "Target Support Files/Pods-HoHUITests/Pods-HoHUITests.debug.xcconfig"; sourceTree = "<group>"; };
		FE0D67C709B6E56CC4F026A8 /* Pods-HoH.release.xcconfig */ = {isa = PBXFileReference; includeInIndex = 1; lastKnownFileType = text.xcconfig; name = "Pods-HoH.release.xcconfig"; path = "Target Support Files/Pods-HoH/Pods-HoH.release.xcconfig"; sourceTree = "<group>"; };
/* End PBXFileReference section */

/* Begin PBXFrameworksBuildPhase section */
		1E404F07241F039900B45169 /* Frameworks */ = {
			isa = PBXFrameworksBuildPhase;
			buildActionMask = 2147483647;
			files = (
				9329269C6A3AC0A4E7DF8E05 /* libPods-HoHUITests.a in Frameworks */,
			);
			runOnlyForDeploymentPostprocessing = 0;
		};
		A5CEFE1F241B26D300E7F7D1 /* Frameworks */ = {
			isa = PBXFrameworksBuildPhase;
			buildActionMask = 2147483647;
			files = (
				85223C2B20B6EE23B07C27DA /* Pods_HoH.framework in Frameworks */,
			);
			runOnlyForDeploymentPostprocessing = 0;
		};
/* End PBXFrameworksBuildPhase section */

/* Begin PBXGroup section */
		1E404F0B241F039900B45169 /* HoHUITests */ = {
			isa = PBXGroup;
			children = (
				1E404F0C241F039900B45169 /* HoHUITests.swift */,
				1E404F0E241F039900B45169 /* Info.plist */,
			);
			path = HoHUITests;
			sourceTree = "<group>";
		};
		1EC036D0242AFE9D009E753C /* View Controllers */ = {
			isa = PBXGroup;
			children = (
				1EC036CC242AFE5B009E753C /* LoginViewController.swift */,
				A56EBE0F241C2CEA002CD118 /* Article.swift */,
				A56EBE0D241C2786002CD118 /* PostNewArticleController.swift */,
				A56EBE07241B27DD002CD118 /* ImagePickerManager.swift */,
				A5CEFE27241B26D300E7F7D1 /* ViewController.swift */,
				1EC036CE242AFE83009E753C /* SignUpViewController.swift */,
				1EFB8ABC242B76FD004ABBCE /* TestViewController.swift */,
			);
			path = "View Controllers";
			sourceTree = "<group>";
		};
		1EC036D3242B0759009E753C /* Utilities */ = {
			isa = PBXGroup;
			children = (
				1EC036D4242B076F009E753C /* Utilities.swift */,
				1E056BA2242B154800CF0258 /* Constants.swift */,
			);
			path = Utilities;
			sourceTree = "<group>";
		};
		5E23600F5569719EEE2F1CBC /* Pods */ = {
			isa = PBXGroup;
			children = (
				F449FE0F5C347D1F84F5A8F8 /* Pods-HoH.debug.xcconfig */,
				FE0D67C709B6E56CC4F026A8 /* Pods-HoH.release.xcconfig */,
				0D228EA461D052288D8B7C3E /* Pods-HoH-HoHUITests.debug.xcconfig */,
				BA4EC71063F9B0F367DC17E5 /* Pods-HoH-HoHUITests.release.xcconfig */,
				FDA7D2C0EC5923800570502A /* Pods-HoHUITests.debug.xcconfig */,
				DF4692CD516ADE7285E13B4D /* Pods-HoHUITests.release.xcconfig */,
			);
			path = Pods;
			sourceTree = "<group>";
		};
		A5CEFE19241B26D300E7F7D1 = {
			isa = PBXGroup;
			children = (
				A5CEFE24241B26D300E7F7D1 /* HoH */,
				1E404F0B241F039900B45169 /* HoHUITests */,
				A5CEFE23241B26D300E7F7D1 /* Products */,
				1EC036D1242B0006009E753C /* GoogleService-Info.plist */,
				5E23600F5569719EEE2F1CBC /* Pods */,
				F6913E1F97B8B4B88E8F9209 /* Frameworks */,
			);
			sourceTree = "<group>";
		};
		A5CEFE23241B26D300E7F7D1 /* Products */ = {
			isa = PBXGroup;
			children = (
				A5CEFE22241B26D300E7F7D1 /* HoH.app */,
				1E404F0A241F039900B45169 /* HoHUITests.xctest */,
			);
			name = Products;
			sourceTree = "<group>";
		};
		A5CEFE24241B26D300E7F7D1 /* HoH */ = {
			isa = PBXGroup;
			children = (
				1EC036D3242B0759009E753C /* Utilities */,
				1EC036D0242AFE9D009E753C /* View Controllers */,
				A5CEFE25241B26D300E7F7D1 /* AppDelegate.swift */,
				A5CEFE29241B26D300E7F7D1 /* Main.storyboard */,
				A5CEFE2C241B26D400E7F7D1 /* Assets.xcassets */,
				A56EBE11241C99B0002CD118 /* gallery-01.jpg */,
				A5CEFE2E241B26D400E7F7D1 /* LaunchScreen.storyboard */,
				A5CEFE31241B26D400E7F7D1 /* Info.plist */,
				1EC4FD82241C8C6400DF3A53 /* DesignableView.swift */,
			);
			path = HoH;
			sourceTree = "<group>";
		};
		F6913E1F97B8B4B88E8F9209 /* Frameworks */ = {
			isa = PBXGroup;
			children = (
				F929DB02E939FCCD1AA3F7D6 /* Pods_HoH.framework */,
				06CD0410529D4EE55E3F30B0 /* libPods-HoHUITests.a */,
			);
			name = Frameworks;
			sourceTree = "<group>";
		};
/* End PBXGroup section */

/* Begin PBXNativeTarget section */
		1E404F09241F039900B45169 /* HoHUITests */ = {
			isa = PBXNativeTarget;
			buildConfigurationList = 1E404F13241F039900B45169 /* Build configuration list for PBXNativeTarget "HoHUITests" */;
			buildPhases = (
				429AFAB4A8C93E54D14CF371 /* [CP] Check Pods Manifest.lock */,
				1E404F06241F039900B45169 /* Sources */,
				1E404F07241F039900B45169 /* Frameworks */,
				1E404F08241F039900B45169 /* Resources */,
				C410343329CC0E646BA4A28C /* [CP] Copy Pods Resources */,
			);
			buildRules = (
			);
			dependencies = (
				1E404F10241F039900B45169 /* PBXTargetDependency */,
			);
			name = HoHUITests;
			productName = HoHUITests;
			productReference = 1E404F0A241F039900B45169 /* HoHUITests.xctest */;
			productType = "com.apple.product-type.bundle.ui-testing";
		};
		A5CEFE21241B26D300E7F7D1 /* HoH */ = {
			isa = PBXNativeTarget;
			buildConfigurationList = A5CEFE34241B26D400E7F7D1 /* Build configuration list for PBXNativeTarget "HoH" */;
			buildPhases = (
				F593A90766137BD4BED3257F /* [CP] Check Pods Manifest.lock */,
				A5CEFE1E241B26D300E7F7D1 /* Sources */,
				A5CEFE1F241B26D300E7F7D1 /* Frameworks */,
				A5CEFE20241B26D300E7F7D1 /* Resources */,
				71E5C862902A29698219AE5F /* [CP] Embed Pods Frameworks */,
			);
			buildRules = (
			);
			dependencies = (
			);
			name = HoH;
			productName = HoH;
			productReference = A5CEFE22241B26D300E7F7D1 /* HoH.app */;
			productType = "com.apple.product-type.application";
		};
/* End PBXNativeTarget section */

/* Begin PBXProject section */
		A5CEFE1A241B26D300E7F7D1 /* Project object */ = {
			isa = PBXProject;
			attributes = {
				LastSwiftUpdateCheck = 1130;
				LastUpgradeCheck = 1020;
				ORGANIZATIONNAME = Jolene;
				TargetAttributes = {
					1E404F09241F039900B45169 = {
						CreatedOnToolsVersion = 11.3.1;
						TestTargetID = A5CEFE21241B26D300E7F7D1;
					};
					A5CEFE21241B26D300E7F7D1 = {
						CreatedOnToolsVersion = 10.2;
					};
				};
			};
			buildConfigurationList = A5CEFE1D241B26D300E7F7D1 /* Build configuration list for PBXProject "HoH" */;
			compatibilityVersion = "Xcode 9.3";
			developmentRegion = en;
			hasScannedForEncodings = 0;
			knownRegions = (
				en,
				Base,
			);
			mainGroup = A5CEFE19241B26D300E7F7D1;
			productRefGroup = A5CEFE23241B26D300E7F7D1 /* Products */;
			projectDirPath = "";
			projectRoot = "";
			targets = (
				A5CEFE21241B26D300E7F7D1 /* HoH */,
				1E404F09241F039900B45169 /* HoHUITests */,
			);
		};
/* End PBXProject section */

/* Begin PBXResourcesBuildPhase section */
		1E404F08241F039900B45169 /* Resources */ = {
			isa = PBXResourcesBuildPhase;
			buildActionMask = 2147483647;
			files = (
			);
			runOnlyForDeploymentPostprocessing = 0;
		};
		A5CEFE20241B26D300E7F7D1 /* Resources */ = {
			isa = PBXResourcesBuildPhase;
			buildActionMask = 2147483647;
			files = (
				A5CEFE30241B26D400E7F7D1 /* LaunchScreen.storyboard in Resources */,
				1EC036D2242B0006009E753C /* GoogleService-Info.plist in Resources */,
				A5CEFE2D241B26D400E7F7D1 /* Assets.xcassets in Resources */,
				A5CEFE2B241B26D300E7F7D1 /* Main.storyboard in Resources */,
			);
			runOnlyForDeploymentPostprocessing = 0;
		};
/* End PBXResourcesBuildPhase section */

/* Begin PBXShellScriptBuildPhase section */
		429AFAB4A8C93E54D14CF371 /* [CP] Check Pods Manifest.lock */ = {
			isa = PBXShellScriptBuildPhase;
			buildActionMask = 2147483647;
			files = (
			);
			inputFileListPaths = (
			);
			inputPaths = (
				"${PODS_PODFILE_DIR_PATH}/Podfile.lock",
				"${PODS_ROOT}/Manifest.lock",
			);
			name = "[CP] Check Pods Manifest.lock";
			outputFileListPaths = (
			);
			outputPaths = (
				"$(DERIVED_FILE_DIR)/Pods-HoHUITests-checkManifestLockResult.txt",
			);
			runOnlyForDeploymentPostprocessing = 0;
			shellPath = /bin/sh;
			shellScript = "diff \"${PODS_PODFILE_DIR_PATH}/Podfile.lock\" \"${PODS_ROOT}/Manifest.lock\" > /dev/null\nif [ $? != 0 ] ; then\n    # print error to STDERR\n    echo \"error: The sandbox is not in sync with the Podfile.lock. Run 'pod install' or update your CocoaPods installation.\" >&2\n    exit 1\nfi\n# This output is used by Xcode 'outputs' to avoid re-running this script phase.\necho \"SUCCESS\" > \"${SCRIPT_OUTPUT_FILE_0}\"\n";
			showEnvVarsInLog = 0;
		};
		71E5C862902A29698219AE5F /* [CP] Embed Pods Frameworks */ = {
			isa = PBXShellScriptBuildPhase;
			buildActionMask = 2147483647;
			files = (
			);
			inputFileListPaths = (
				"${PODS_ROOT}/Target Support Files/Pods-HoH/Pods-HoH-frameworks-${CONFIGURATION}-input-files.xcfilelist",
			);
			name = "[CP] Embed Pods Frameworks";
			outputFileListPaths = (
				"${PODS_ROOT}/Target Support Files/Pods-HoH/Pods-HoH-frameworks-${CONFIGURATION}-output-files.xcfilelist",
			);
			runOnlyForDeploymentPostprocessing = 0;
			shellPath = /bin/sh;
			shellScript = "\"${PODS_ROOT}/Target Support Files/Pods-HoH/Pods-HoH-frameworks.sh\"\n";
			showEnvVarsInLog = 0;
		};
		C410343329CC0E646BA4A28C /* [CP] Copy Pods Resources */ = {
			isa = PBXShellScriptBuildPhase;
			buildActionMask = 2147483647;
			files = (
			);
			inputFileListPaths = (
				"${PODS_ROOT}/Target Support Files/Pods-HoHUITests/Pods-HoHUITests-resources-${CONFIGURATION}-input-files.xcfilelist",
			);
			name = "[CP] Copy Pods Resources";
			outputFileListPaths = (
				"${PODS_ROOT}/Target Support Files/Pods-HoHUITests/Pods-HoHUITests-resources-${CONFIGURATION}-output-files.xcfilelist",
			);
			runOnlyForDeploymentPostprocessing = 0;
			shellPath = /bin/sh;
			shellScript = "\"${PODS_ROOT}/Target Support Files/Pods-HoHUITests/Pods-HoHUITests-resources.sh\"\n";
			showEnvVarsInLog = 0;
		};
		F593A90766137BD4BED3257F /* [CP] Check Pods Manifest.lock */ = {
			isa = PBXShellScriptBuildPhase;
			buildActionMask = 2147483647;
			files = (
			);
			inputFileListPaths = (
			);
			inputPaths = (
				"${PODS_PODFILE_DIR_PATH}/Podfile.lock",
				"${PODS_ROOT}/Manifest.lock",
			);
			name = "[CP] Check Pods Manifest.lock";
			outputFileListPaths = (
			);
			outputPaths = (
				"$(DERIVED_FILE_DIR)/Pods-HoH-checkManifestLockResult.txt",
			);
			runOnlyForDeploymentPostprocessing = 0;
			shellPath = /bin/sh;
			shellScript = "diff \"${PODS_PODFILE_DIR_PATH}/Podfile.lock\" \"${PODS_ROOT}/Manifest.lock\" > /dev/null\nif [ $? != 0 ] ; then\n    # print error to STDERR\n    echo \"error: The sandbox is not in sync with the Podfile.lock. Run 'pod install' or update your CocoaPods installation.\" >&2\n    exit 1\nfi\n# This output is used by Xcode 'outputs' to avoid re-running this script phase.\necho \"SUCCESS\" > \"${SCRIPT_OUTPUT_FILE_0}\"\n";
			showEnvVarsInLog = 0;
		};
/* End PBXShellScriptBuildPhase section */

/* Begin PBXSourcesBuildPhase section */
		1E404F06241F039900B45169 /* Sources */ = {
			isa = PBXSourcesBuildPhase;
			buildActionMask = 2147483647;
			files = (
				1E404F0D241F039900B45169 /* HoHUITests.swift in Sources */,
			);
			runOnlyForDeploymentPostprocessing = 0;
		};
		A5CEFE1E241B26D300E7F7D1 /* Sources */ = {
			isa = PBXSourcesBuildPhase;
			buildActionMask = 2147483647;
			files = (
				1EC036CD242AFE5B009E753C /* LoginViewController.swift in Sources */,
				A5CEFE28241B26D300E7F7D1 /* ViewController.swift in Sources */,
				1EFB8ABD242B76FD004ABBCE /* TestViewController.swift in Sources */,
				1EC036CF242AFE83009E753C /* SignUpViewController.swift in Sources */,
				A5CEFE26241B26D300E7F7D1 /* AppDelegate.swift in Sources */,
				1EC4FD83241C8C6400DF3A53 /* DesignableView.swift in Sources */,
				1E056BA3242B154800CF0258 /* Constants.swift in Sources */,
				A56EBE0E241C2786002CD118 /* PostNewArticleController.swift in Sources */,
				1EC036D5242B076F009E753C /* Utilities.swift in Sources */,
				A56EBE08241B27DD002CD118 /* ImagePickerManager.swift in Sources */,
				A56EBE10241C2CEA002CD118 /* Article.swift in Sources */,
			);
			runOnlyForDeploymentPostprocessing = 0;
		};
/* End PBXSourcesBuildPhase section */

/* Begin PBXTargetDependency section */
		1E404F10241F039900B45169 /* PBXTargetDependency */ = {
			isa = PBXTargetDependency;
			target = A5CEFE21241B26D300E7F7D1 /* HoH */;
			targetProxy = 1E404F0F241F039900B45169 /* PBXContainerItemProxy */;
		};
/* End PBXTargetDependency section */

/* Begin PBXVariantGroup section */
		A5CEFE29241B26D300E7F7D1 /* Main.storyboard */ = {
			isa = PBXVariantGroup;
			children = (
				A5CEFE2A241B26D300E7F7D1 /* Base */,
			);
			name = Main.storyboard;
			sourceTree = "<group>";
		};
		A5CEFE2E241B26D400E7F7D1 /* LaunchScreen.storyboard */ = {
			isa = PBXVariantGroup;
			children = (
				A5CEFE2F241B26D400E7F7D1 /* Base */,
			);
			name = LaunchScreen.storyboard;
			sourceTree = "<group>";
		};
/* End PBXVariantGroup section */

/* Begin XCBuildConfiguration section */
		1E404F11241F039900B45169 /* Debug */ = {
			isa = XCBuildConfiguration;
			baseConfigurationReference = FDA7D2C0EC5923800570502A /* Pods-HoHUITests.debug.xcconfig */;
			buildSettings = {
				CODE_SIGN_STYLE = Automatic;
				INFOPLIST_FILE = HoHUITests/Info.plist;
				IPHONEOS_DEPLOYMENT_TARGET = 13.2;
				LD_RUNPATH_SEARCH_PATHS = (
					"$(inherited)",
					"@executable_path/Frameworks",
					"@loader_path/Frameworks",
				);
				PRODUCT_BUNDLE_IDENTIFIER = plus84.HoHUITests;
				PRODUCT_NAME = "$(TARGET_NAME)";
				SWIFT_VERSION = 5.0;
				TARGETED_DEVICE_FAMILY = "1,2";
				TEST_TARGET_NAME = HoH;
			};
			name = Debug;
		};
		1E404F12241F039900B45169 /* Release */ = {
			isa = XCBuildConfiguration;
			baseConfigurationReference = DF4692CD516ADE7285E13B4D /* Pods-HoHUITests.release.xcconfig */;
			buildSettings = {
				CODE_SIGN_STYLE = Automatic;
				INFOPLIST_FILE = HoHUITests/Info.plist;
				IPHONEOS_DEPLOYMENT_TARGET = 13.2;
				LD_RUNPATH_SEARCH_PATHS = (
					"$(inherited)",
					"@executable_path/Frameworks",
					"@loader_path/Frameworks",
				);
				PRODUCT_BUNDLE_IDENTIFIER = plus84.HoHUITests;
				PRODUCT_NAME = "$(TARGET_NAME)";
				SWIFT_VERSION = 5.0;
				TARGETED_DEVICE_FAMILY = "1,2";
				TEST_TARGET_NAME = HoH;
			};
			name = Release;
		};
		A5CEFE32241B26D400E7F7D1 /* Debug */ = {
			isa = XCBuildConfiguration;
			buildSettings = {
				ALWAYS_SEARCH_USER_PATHS = NO;
				CLANG_ANALYZER_NONNULL = YES;
				CLANG_ANALYZER_NUMBER_OBJECT_CONVERSION = YES_AGGRESSIVE;
				CLANG_CXX_LANGUAGE_STANDARD = "gnu++14";
				CLANG_CXX_LIBRARY = "libc++";
				CLANG_ENABLE_MODULES = YES;
				CLANG_ENABLE_OBJC_ARC = YES;
				CLANG_ENABLE_OBJC_WEAK = YES;
				CLANG_WARN_BLOCK_CAPTURE_AUTORELEASING = YES;
				CLANG_WARN_BOOL_CONVERSION = YES;
				CLANG_WARN_COMMA = YES;
				CLANG_WARN_CONSTANT_CONVERSION = YES;
				CLANG_WARN_DEPRECATED_OBJC_IMPLEMENTATIONS = YES;
				CLANG_WARN_DIRECT_OBJC_ISA_USAGE = YES_ERROR;
				CLANG_WARN_DOCUMENTATION_COMMENTS = YES;
				CLANG_WARN_EMPTY_BODY = YES;
				CLANG_WARN_ENUM_CONVERSION = YES;
				CLANG_WARN_INFINITE_RECURSION = YES;
				CLANG_WARN_INT_CONVERSION = YES;
				CLANG_WARN_NON_LITERAL_NULL_CONVERSION = YES;
				CLANG_WARN_OBJC_IMPLICIT_RETAIN_SELF = YES;
				CLANG_WARN_OBJC_LITERAL_CONVERSION = YES;
				CLANG_WARN_OBJC_ROOT_CLASS = YES_ERROR;
				CLANG_WARN_RANGE_LOOP_ANALYSIS = YES;
				CLANG_WARN_STRICT_PROTOTYPES = YES;
				CLANG_WARN_SUSPICIOUS_MOVE = YES;
				CLANG_WARN_UNGUARDED_AVAILABILITY = YES_AGGRESSIVE;
				CLANG_WARN_UNREACHABLE_CODE = YES;
				CLANG_WARN__DUPLICATE_METHOD_MATCH = YES;
				CODE_SIGN_IDENTITY = "iPhone Developer";
				COPY_PHASE_STRIP = NO;
				DEBUG_INFORMATION_FORMAT = dwarf;
				ENABLE_STRICT_OBJC_MSGSEND = YES;
				ENABLE_TESTABILITY = YES;
				GCC_C_LANGUAGE_STANDARD = gnu11;
				GCC_DYNAMIC_NO_PIC = NO;
				GCC_NO_COMMON_BLOCKS = YES;
				GCC_OPTIMIZATION_LEVEL = 0;
				GCC_PREPROCESSOR_DEFINITIONS = (
					"DEBUG=1",
					"$(inherited)",
				);
				GCC_WARN_64_TO_32_BIT_CONVERSION = YES;
				GCC_WARN_ABOUT_RETURN_TYPE = YES_ERROR;
				GCC_WARN_UNDECLARED_SELECTOR = YES;
				GCC_WARN_UNINITIALIZED_AUTOS = YES_AGGRESSIVE;
				GCC_WARN_UNUSED_FUNCTION = YES;
				GCC_WARN_UNUSED_VARIABLE = YES;
				IPHONEOS_DEPLOYMENT_TARGET = 12.2;
				MTL_ENABLE_DEBUG_INFO = INCLUDE_SOURCE;
				MTL_FAST_MATH = YES;
				ONLY_ACTIVE_ARCH = YES;
				SDKROOT = iphoneos;
				SWIFT_ACTIVE_COMPILATION_CONDITIONS = DEBUG;
				SWIFT_OPTIMIZATION_LEVEL = "-Onone";
			};
			name = Debug;
		};
		A5CEFE33241B26D400E7F7D1 /* Release */ = {
			isa = XCBuildConfiguration;
			buildSettings = {
				ALWAYS_SEARCH_USER_PATHS = NO;
				CLANG_ANALYZER_NONNULL = YES;
				CLANG_ANALYZER_NUMBER_OBJECT_CONVERSION = YES_AGGRESSIVE;
				CLANG_CXX_LANGUAGE_STANDARD = "gnu++14";
				CLANG_CXX_LIBRARY = "libc++";
				CLANG_ENABLE_MODULES = YES;
				CLANG_ENABLE_OBJC_ARC = YES;
				CLANG_ENABLE_OBJC_WEAK = YES;
				CLANG_WARN_BLOCK_CAPTURE_AUTORELEASING = YES;
				CLANG_WARN_BOOL_CONVERSION = YES;
				CLANG_WARN_COMMA = YES;
				CLANG_WARN_CONSTANT_CONVERSION = YES;
				CLANG_WARN_DEPRECATED_OBJC_IMPLEMENTATIONS = YES;
				CLANG_WARN_DIRECT_OBJC_ISA_USAGE = YES_ERROR;
				CLANG_WARN_DOCUMENTATION_COMMENTS = YES;
				CLANG_WARN_EMPTY_BODY = YES;
				CLANG_WARN_ENUM_CONVERSION = YES;
				CLANG_WARN_INFINITE_RECURSION = YES;
				CLANG_WARN_INT_CONVERSION = YES;
				CLANG_WARN_NON_LITERAL_NULL_CONVERSION = YES;
				CLANG_WARN_OBJC_IMPLICIT_RETAIN_SELF = YES;
				CLANG_WARN_OBJC_LITERAL_CONVERSION = YES;
				CLANG_WARN_OBJC_ROOT_CLASS = YES_ERROR;
				CLANG_WARN_RANGE_LOOP_ANALYSIS = YES;
				CLANG_WARN_STRICT_PROTOTYPES = YES;
				CLANG_WARN_SUSPICIOUS_MOVE = YES;
				CLANG_WARN_UNGUARDED_AVAILABILITY = YES_AGGRESSIVE;
				CLANG_WARN_UNREACHABLE_CODE = YES;
				CLANG_WARN__DUPLICATE_METHOD_MATCH = YES;
				CODE_SIGN_IDENTITY = "iPhone Developer";
				COPY_PHASE_STRIP = NO;
				DEBUG_INFORMATION_FORMAT = "dwarf-with-dsym";
				ENABLE_NS_ASSERTIONS = NO;
				ENABLE_STRICT_OBJC_MSGSEND = YES;
				GCC_C_LANGUAGE_STANDARD = gnu11;
				GCC_NO_COMMON_BLOCKS = YES;
				GCC_WARN_64_TO_32_BIT_CONVERSION = YES;
				GCC_WARN_ABOUT_RETURN_TYPE = YES_ERROR;
				GCC_WARN_UNDECLARED_SELECTOR = YES;
				GCC_WARN_UNINITIALIZED_AUTOS = YES_AGGRESSIVE;
				GCC_WARN_UNUSED_FUNCTION = YES;
				GCC_WARN_UNUSED_VARIABLE = YES;
				IPHONEOS_DEPLOYMENT_TARGET = 12.2;
				MTL_ENABLE_DEBUG_INFO = NO;
				MTL_FAST_MATH = YES;
				SDKROOT = iphoneos;
				SWIFT_COMPILATION_MODE = wholemodule;
				SWIFT_OPTIMIZATION_LEVEL = "-O";
				VALIDATE_PRODUCT = YES;
			};
			name = Release;
		};
		A5CEFE35241B26D400E7F7D1 /* Debug */ = {
			isa = XCBuildConfiguration;
			baseConfigurationReference = F449FE0F5C347D1F84F5A8F8 /* Pods-HoH.debug.xcconfig */;
			buildSettings = {
				ASSETCATALOG_COMPILER_APPICON_NAME = AppIcon;
				CODE_SIGN_STYLE = Automatic;
				INFOPLIST_FILE = HoH/Info.plist;
				LD_RUNPATH_SEARCH_PATHS = (
					"$(inherited)",
					"@executable_path/Frameworks",
				);
				PRODUCT_BUNDLE_IDENTIFIER = GBC.HoH;
				PRODUCT_NAME = "$(TARGET_NAME)";
				SWIFT_VERSION = 5.0;
				TARGETED_DEVICE_FAMILY = "1,2";
			};
			name = Debug;
		};
		A5CEFE36241B26D400E7F7D1 /* Release */ = {
			isa = XCBuildConfiguration;
			baseConfigurationReference = FE0D67C709B6E56CC4F026A8 /* Pods-HoH.release.xcconfig */;
			buildSettings = {
				ASSETCATALOG_COMPILER_APPICON_NAME = AppIcon;
				CODE_SIGN_STYLE = Automatic;
				INFOPLIST_FILE = HoH/Info.plist;
				LD_RUNPATH_SEARCH_PATHS = (
					"$(inherited)",
					"@executable_path/Frameworks",
				);
				PRODUCT_BUNDLE_IDENTIFIER = GBC.HoH;
				PRODUCT_NAME = "$(TARGET_NAME)";
				SWIFT_VERSION = 5.0;
				TARGETED_DEVICE_FAMILY = "1,2";
			};
			name = Release;
		};
/* End XCBuildConfiguration section */

/* Begin XCConfigurationList section */
		1E404F13241F039900B45169 /* Build configuration list for PBXNativeTarget "HoHUITests" */ = {
			isa = XCConfigurationList;
			buildConfigurations = (
				1E404F11241F039900B45169 /* Debug */,
				1E404F12241F039900B45169 /* Release */,
			);
			defaultConfigurationIsVisible = 0;
			defaultConfigurationName = Release;
		};
		A5CEFE1D241B26D300E7F7D1 /* Build configuration list for PBXProject "HoH" */ = {
			isa = XCConfigurationList;
			buildConfigurations = (
				A5CEFE32241B26D400E7F7D1 /* Debug */,
				A5CEFE33241B26D400E7F7D1 /* Release */,
			);
			defaultConfigurationIsVisible = 0;
			defaultConfigurationName = Release;
		};
		A5CEFE34241B26D400E7F7D1 /* Build configuration list for PBXNativeTarget "HoH" */ = {
			isa = XCConfigurationList;
			buildConfigurations = (
				A5CEFE35241B26D400E7F7D1 /* Debug */,
				A5CEFE36241B26D400E7F7D1 /* Release */,
			);
			defaultConfigurationIsVisible = 0;
			defaultConfigurationName = Release;
		};
/* End XCConfigurationList section */
	};
	rootObject = A5CEFE1A241B26D300E7F7D1 /* Project object */;
}
